
Microsoft Visual Studio Solution File, Format Version 12.00
# Visual Studio Version 17
VisualStudioVersion = 17.8.34511.84
MinimumVisualStudioVersion = 10.0.40219.1
Project("{9A19103F-16F7-4668-BE54-9A1E7A4F7556}") = "Covadis.Azure.Workshop.API", "Covadis.Azure.Workshop.API\Covadis.Azure.Workshop.API.csproj", "{512176A2-C4A1-4D2A-8DD6-9F1673D30FC1}"
EndProject
Project("{9A19103F-16F7-4668-BE54-9A1E7A4F7556}") = "Covadis.Azure.Database", "Covadis.Azure.Workshop.Database\Covadis.Azure.Database.csproj", "{14580BB6-6F5D-4B7F-BBEE-25D52572974E}"
EndProject
Project("{9A19103F-16F7-4668-BE54-9A1E7A4F7556}") = "Covadis.Azure.Workshop.FunctionApp", "Covadis.Azure.Workshop.FunctionApp\Covadis.Azure.Workshop.FunctionApp.csproj", "{0683E91D-ACCF-44B9-B294-6F929C0BBB5B}"
EndProject
Global
	GlobalSection(SolutionConfigurationPlatforms) = preSolution
		Debug|Any CPU = Debug|Any CPU
		Release|Any CPU = Release|Any CPU
	EndGlobalSection
	GlobalSection(ProjectConfigurationPlatforms) = postSolution
		{512176A2-C4A1-4D2A-8DD6-9F1673D30FC1}.Debug|Any CPU.ActiveCfg = Debug|Any CPU
		{512176A2-C4A1-4D2A-8DD6-9F1673D30FC1}.Debug|Any CPU.Build.0 = Debug|Any CPU
		{512176A2-C4A1-4D2A-8DD6-9F1673D30FC1}.Release|Any CPU.ActiveCfg = Release|Any CPU
		{512176A2-C4A1-4D2A-8DD6-9F1673D30FC1}.Release|Any CPU.Build.0 = Release|Any CPU
		{14580BB6-6F5D-4B7F-BBEE-25D52572974E}.Debug|Any CPU.ActiveCfg = Debug|Any CPU
		{14580BB6-6F5D-4B7F-BBEE-25D52572974E}.Debug|Any CPU.Build.0 = Debug|Any CPU
		{14580BB6-6F5D-4B7F-BBEE-25D52572974E}.Release|Any CPU.ActiveCfg = Release|Any CPU
		{14580BB6-6F5D-4B7F-BBEE-25D52572974E}.Release|Any CPU.Build.0 = Release|Any CPU
		{0683E91D-ACCF-44B9-B294-6F929C0BBB5B}.Debug|Any CPU.ActiveCfg = Debug|Any CPU
		{0683E91D-ACCF-44B9-B294-6F929C0BBB5B}.Debug|Any CPU.Build.0 = Debug|Any CPU
		{0683E91D-ACCF-44B9-B294-6F929C0BBB5B}.Release|Any CPU.ActiveCfg = Release|Any CPU
		{0683E91D-ACCF-44B9-B294-6F929C0BBB5B}.Release|Any CPU.Build.0 = Release|Any CPU
	EndGlobalSection
	GlobalSection(SolutionProperties) = preSolution
		HideSolutionNode = FALSE
	EndGlobalSection
	GlobalSection(ExtensibilityGlobals) = postSolution
		SolutionGuid = {01BC0B8C-69CB-496C-B4A2-D7FA1683BB62}
	EndGlobalSection
EndGlobal
